
Microsoft Visual Studio Solution File, Format Version 12.00
# Visual Studio Version 17
VisualStudioVersion = 17.0.31903.59
MinimumVisualStudioVersion = 10.0.40219.1
Project("{2150E333-8FDC-42A3-9474-1A3956D46DE8}") = "src", "src", "{383007CD-58F4-4D14-9E24-4A2DAB5DB78D}"
EndProject
Project("{2150E333-8FDC-42A3-9474-1A3956D46DE8}") = "test", "test", "{1A5B56F8-0E62-4005-9178-69C317A19048}"
EndProject
Project("{FAE04EC0-301F-11D3-BF4B-00C04F79EFBC}") = "LABCC.BackEnd.Application", "src\LABCC.BackEnd.Application\LABCC.BackEnd.Application.csproj", "{0547B077-6AF6-4E36-84B3-DEA767DE30B3}"
EndProject
Project("{FAE04EC0-301F-11D3-BF4B-00C04F79EFBC}") = "LABCC.BackEnd.Domain", "src\LABCC.BackEnd.Domain\LABCC.BackEnd.Domain.csproj", "{A1884622-E3BF-40F2-8A15-05763CF1D9F4}"
EndProject
Project("{FAE04EC0-301F-11D3-BF4B-00C04F79EFBC}") = "LABCC.BackEnd.Infrastructure", "src\LABCC.BackEnd.Infrastructure\LABCC.BackEnd.Infrastructure.csproj", "{5E0813AE-911F-4510-B40B-954C56C64282}"
EndProject
Project("{FAE04EC0-301F-11D3-BF4B-00C04F79EFBC}") = "LABCC.BackEnd.UnitTest", "test\LABCC.BackEnd.UnitTest\LABCC.BackEnd.UnitTest.csproj", "{5F9897F3-B081-4D6D-8174-C7223C28FA33}"
EndProject
Global
	GlobalSection(SolutionConfigurationPlatforms) = preSolution
		Debug|Any CPU = Debug|Any CPU
		Release|Any CPU = Release|Any CPU
	EndGlobalSection
	GlobalSection(ProjectConfigurationPlatforms) = postSolution
		{0547B077-6AF6-4E36-84B3-DEA767DE30B3}.Debug|Any CPU.ActiveCfg = Debug|Any CPU
		{0547B077-6AF6-4E36-84B3-DEA767DE30B3}.Debug|Any CPU.Build.0 = Debug|Any CPU
		{0547B077-6AF6-4E36-84B3-DEA767DE30B3}.Release|Any CPU.ActiveCfg = Release|Any CPU
		{0547B077-6AF6-4E36-84B3-DEA767DE30B3}.Release|Any CPU.Build.0 = Release|Any CPU
		{A1884622-E3BF-40F2-8A15-05763CF1D9F4}.Debug|Any CPU.ActiveCfg = Debug|Any CPU
		{A1884622-E3BF-40F2-8A15-05763CF1D9F4}.Debug|Any CPU.Build.0 = Debug|Any CPU
		{A1884622-E3BF-40F2-8A15-05763CF1D9F4}.Release|Any CPU.ActiveCfg = Release|Any CPU
		{A1884622-E3BF-40F2-8A15-05763CF1D9F4}.Release|Any CPU.Build.0 = Release|Any CPU
		{5E0813AE-911F-4510-B40B-954C56C64282}.Debug|Any CPU.ActiveCfg = Debug|Any CPU
		{5E0813AE-911F-4510-B40B-954C56C64282}.Debug|Any CPU.Build.0 = Debug|Any CPU
		{5E0813AE-911F-4510-B40B-954C56C64282}.Release|Any CPU.ActiveCfg = Release|Any CPU
		{5E0813AE-911F-4510-B40B-954C56C64282}.Release|Any CPU.Build.0 = Release|Any CPU
		{5F9897F3-B081-4D6D-8174-C7223C28FA33}.Debug|Any CPU.ActiveCfg = Debug|Any CPU
		{5F9897F3-B081-4D6D-8174-C7223C28FA33}.Debug|Any CPU.Build.0 = Debug|Any CPU
		{5F9897F3-B081-4D6D-8174-C7223C28FA33}.Release|Any CPU.ActiveCfg = Release|Any CPU
		{5F9897F3-B081-4D6D-8174-C7223C28FA33}.Release|Any CPU.Build.0 = Release|Any CPU
	EndGlobalSection
	GlobalSection(SolutionProperties) = preSolution
		HideSolutionNode = FALSE
	EndGlobalSection
	GlobalSection(NestedProjects) = preSolution
		{0547B077-6AF6-4E36-84B3-DEA767DE30B3} = {383007CD-58F4-4D14-9E24-4A2DAB5DB78D}
		{A1884622-E3BF-40F2-8A15-05763CF1D9F4} = {383007CD-58F4-4D14-9E24-4A2DAB5DB78D}
		{5E0813AE-911F-4510-B40B-954C56C64282} = {383007CD-58F4-4D14-9E24-4A2DAB5DB78D}
		{5F9897F3-B081-4D6D-8174-C7223C28FA33} = {1A5B56F8-0E62-4005-9178-69C317A19048}
	EndGlobalSection
	GlobalSection(ExtensibilityGlobals) = postSolution
		SolutionGuid = {FB789C0A-3462-4AF0-A50C-71ACE5638E18}
	EndGlobalSection
EndGlobal
